// !$*UTF8*$!
{
	archiveVersion = 1;
	classes = {
	};
	objectVersion = 46;
	objects = {

/* Begin PBXBuildFile section */
		3CA620611C06A14100A7E393 /* main.c in Sources */ = {isa = PBXBuildFile; fileRef = 3CA620601C06A14100A7E393 /* main.c */; };
		3CA6206F1C06B22F00A7E393 /* main.c in Sources */ = {isa = PBXBuildFile; fileRef = 3CA6206E1C06B22F00A7E393 /* main.c */; };
/* End PBXBuildFile section */

/* Begin PBXCopyFilesBuildPhase section */
		3CA6205B1C06A14100A7E393 /* CopyFiles */ = {
			isa = PBXCopyFilesBuildPhase;
			buildActionMask = 2147483647;
			dstPath = /usr/share/man/man1/;
			dstSubfolderSpec = 0;
			files = (
			);
			runOnlyForDeploymentPostprocessing = 1;
		};
		3CA6206A1C06B22E00A7E393 /* CopyFiles */ = {
			isa = PBXCopyFilesBuildPhase;
			buildActionMask = 2147483647;
			dstPath = /usr/share/man/man1/;
			dstSubfolderSpec = 0;
			files = (
			);
			runOnlyForDeploymentPostprocessing = 1;
		};
/* End PBXCopyFilesBuildPhase section */

/* Begin PBXFileReference section */
		3CA6205D1C06A14100A7E393 /* 11.26返回指针的函数 */ = {isa = PBXFileReference; explicitFileType = "compiled.mach-o.executable"; includeInIndex = 0; path = "11.26返回指针的函数"; sourceTree = BUILT_PRODUCTS_DIR; };
		3CA620601C06A14100A7E393 /* main.c */ = {isa = PBXFileReference; lastKnownFileType = sourcecode.c.c; path = main.c; sourceTree = "<group>"; };
		3CA6206C1C06B22E00A7E393 /* 指针作为返回值的注意事项 */ = {isa = PBXFileReference; explicitFileType = "compiled.mach-o.executable"; includeInIndex = 0; path = "指针作为返回值的注意事项"; sourceTree = BUILT_PRODUCTS_DIR; };
		3CA6206E1C06B22F00A7E393 /* main.c */ = {isa = PBXFileReference; lastKnownFileType = sourcecode.c.c; path = main.c; sourceTree = "<group>"; };
/* End PBXFileReference section */

/* Begin PBXFrameworksBuildPhase section */
		3CA6205A1C06A14100A7E393 /* Frameworks */ = {
			isa = PBXFrameworksBuildPhase;
			buildActionMask = 2147483647;
			files = (
			);
			runOnlyForDeploymentPostprocessing = 0;
		};
		3CA620691C06B22E00A7E393 /* Frameworks */ = {
			isa = PBXFrameworksBuildPhase;
			buildActionMask = 2147483647;
			files = (
			);
			runOnlyForDeploymentPostprocessing = 0;
		};
/* End PBXFrameworksBuildPhase section */

/* Begin PBXGroup section */
		3CA620541C06A14100A7E393 = {
			isa = PBXGroup;
			children = (
				3CA6205F1C06A14100A7E393 /* 11.26返回指针的函数 */,
				3CA6206D1C06B22F00A7E393 /* 指针作为返回值的注意事项 */,
				3CA6205E1C06A14100A7E393 /* Products */,
			);
			sourceTree = "<group>";
		};
		3CA6205E1C06A14100A7E393 /* Products */ = {
			isa = PBXGroup;
			children = (
				3CA6205D1C06A14100A7E393 /* 11.26返回指针的函数 */,
				3CA6206C1C06B22E00A7E393 /* 指针作为返回值的注意事项 */,
			);
			name = Products;
			sourceTree = "<group>";
		};
		3CA6205F1C06A14100A7E393 /* 11.26返回指针的函数 */ = {
			isa = PBXGroup;
			children = (
				3CA620601C06A14100A7E393 /* main.c */,
			);
			path = "11.26返回指针的函数";
			sourceTree = "<group>";
		};
		3CA6206D1C06B22F00A7E393 /* 指针作为返回值的注意事项 */ = {
			isa = PBXGroup;
			children = (
				3CA6206E1C06B22F00A7E393 /* main.c */,
			);
			path = "指针作为返回值的注意事项";
			sourceTree = "<group>";
		};
/* End PBXGroup section */

/* Begin PBXNativeTarget section */
		3CA6205C1C06A14100A7E393 /* 11.26返回指针的函数 */ = {
			isa = PBXNativeTarget;
			buildConfigurationList = 3CA620641C06A14100A7E393 /* Build configuration list for PBXNativeTarget "11.26返回指针的函数" */;
			buildPhases = (
				3CA620591C06A14100A7E393 /* Sources */,
				3CA6205A1C06A14100A7E393 /* Frameworks */,
				3CA6205B1C06A14100A7E393 /* CopyFiles */,
			);
			buildRules = (
			);
			dependencies = (
			);
			name = "11.26返回指针的函数";
			productName = "11.26返回指针的函数";
			productReference = 3CA6205D1C06A14100A7E393 /* 11.26返回指针的函数 */;
			productType = "com.apple.product-type.tool";
		};
		3CA6206B1C06B22E00A7E393 /* 指针作为返回值的注意事项 */ = {
			isa = PBXNativeTarget;
			buildConfigurationList = 3CA620701C06B22F00A7E393 /* Build configuration list for PBXNativeTarget "指针作为返回值的注意事项" */;
			buildPhases = (
				3CA620681C06B22E00A7E393 /* Sources */,
				3CA620691C06B22E00A7E393 /* Frameworks */,
				3CA6206A1C06B22E00A7E393 /* CopyFiles */,
			);
			buildRules = (
			);
			dependencies = (
			);
			name = "指针作为返回值的注意事项";
			productName = "指针作为返回值的注意事项";
			productReference = 3CA6206C1C06B22E00A7E393 /* 指针作为返回值的注意事项 */;
			productType = "com.apple.product-type.tool";
		};
/* End PBXNativeTarget section */

/* Begin PBXProject section */
		3CA620551C06A14100A7E393 /* Project object */ = {
			isa = PBXProject;
			attributes = {
				LastUpgradeCheck = 0640;
				ORGANIZATIONNAME = rytong_zkz;
				TargetAttributes = {
					3CA6205C1C06A14100A7E393 = {
						CreatedOnToolsVersion = 6.4;
					};
					3CA6206B1C06B22E00A7E393 = {
						CreatedOnToolsVersion = 6.4;
					};
				};
			};
			buildConfigurationList = 3CA620581C06A14100A7E393 /* Build configuration list for PBXProject "11.26返回指针的函数" */;
			compatibilityVersion = "Xcode 3.2";
			developmentRegion = English;
			hasScannedForEncodings = 0;
			knownRegions = (
				en,
			);
			mainGroup = 3CA620541C06A14100A7E393;
			productRefGroup = 3CA6205E1C06A14100A7E393 /* Products */;
			projectDirPath = "";
			projectRoot = "";
			targets = (
				3CA6205C1C06A14100A7E393 /* 11.26返回指针的函数 */,
				3CA6206B1C06B22E00A7E393 /* 指针作为返回值的注意事项 */,
			);
		};
/* End PBXProject section */

/* Begin PBXSourcesBuildPhase section */
		3CA620591C06A14100A7E393 /* Sources */ = {
			isa = PBXSourcesBuildPhase;
			buildActionMask = 2147483647;
			files = (
				3CA620611C06A14100A7E393 /* main.c in Sources */,
			);
			runOnlyForDeploymentPostprocessing = 0;
		};
		3CA620681C06B22E00A7E393 /* Sources */ = {
			isa = PBXSourcesBuildPhase;
			buildActionMask = 2147483647;
			files = (
				3CA6206F1C06B22F00A7E393 /* main.c in Sources */,
			);
			runOnlyForDeploymentPostprocessing = 0;
		};
/* End PBXSourcesBuildPhase section */

/* Begin XCBuildConfiguration section */
		3CA620621C06A14100A7E393 /* Debug */ = {
			isa = XCBuildConfiguration;
			buildSettings = {
				ALWAYS_SEARCH_USER_PATHS = NO;
				CLANG_CXX_LANGUAGE_STANDARD = "gnu++0x";
				CLANG_CXX_LIBRARY = "libc++";
				CLANG_ENABLE_MODULES = YES;
				CLANG_ENABLE_OBJC_ARC = YES;
				CLANG_WARN_BOOL_CONVERSION = YES;
				CLANG_WARN_CONSTANT_CONVERSION = YES;
				CLANG_WARN_DIRECT_OBJC_ISA_USAGE = YES_ERROR;
				CLANG_WARN_EMPTY_BODY = YES;
				CLANG_WARN_ENUM_CONVERSION = YES;
				CLANG_WARN_INT_CONVERSION = YES;
				CLANG_WARN_OBJC_ROOT_CLASS = YES_ERROR;
				CLANG_WARN_UNREACHABLE_CODE = YES;
				CLANG_WARN__DUPLICATE_METHOD_MATCH = YES;
				COPY_PHASE_STRIP = NO;
				DEBUG_INFORMATION_FORMAT = dwarf;
				ENABLE_STRICT_OBJC_MSGSEND = YES;
				GCC_C_LANGUAGE_STANDARD = gnu99;
				GCC_DYNAMIC_NO_PIC = NO;
				GCC_NO_COMMON_BLOCKS = YES;
				GCC_OPTIMIZATION_LEVEL = 0;
				GCC_PREPROCESSOR_DEFINITIONS = (
					"DEBUG=1",
					"$(inherited)",
				);
				GCC_SYMBOLS_PRIVATE_EXTERN = NO;
				GCC_WARN_64_TO_32_BIT_CONVERSION = YES;
				GCC_WARN_ABOUT_RETURN_TYPE = YES_ERROR;
				GCC_WARN_UNDECLARED_SELECTOR = YES;
				GCC_WARN_UNINITIALIZED_AUTOS = YES_AGGRESSIVE;
				GCC_WARN_UNUSED_FUNCTION = YES;
				GCC_WARN_UNUSED_VARIABLE = YES;
				MACOSX_DEPLOYMENT_TARGET = 10.10;
				MTL_ENABLE_DEBUG_INFO = YES;
				ONLY_ACTIVE_ARCH = YES;
				SDKROOT = macosx;
			};
			name = Debug;
		};
		3CA620631C06A14100A7E393 /* Release */ = {
			isa = XCBuildConfiguration;
			buildSettings = {
				ALWAYS_SEARCH_USER_PATHS = NO;
				CLANG_CXX_LANGUAGE_STANDARD = "gnu++0x";
				CLANG_CXX_LIBRARY = "libc++";
				CLANG_ENABLE_MODULES = YES;
				CLANG_ENABLE_OBJC_ARC = YES;
				CLANG_WARN_BOOL_CONVERSION = YES;
				CLANG_WARN_CONSTANT_CONVERSION = YES;
				CLANG_WARN_DIRECT_OBJC_ISA_USAGE = YES_ERROR;
				CLANG_WARN_EMPTY_BODY = YES;
				CLANG_WARN_ENUM_CONVERSION = YES;
				CLANG_WARN_INT_CONVERSION = YES;
				CLANG_WARN_OBJC_ROOT_CLASS = YES_ERROR;
				CLANG_WARN_UNREACHABLE_CODE = YES;
				CLANG_WARN__DUPLICATE_METHOD_MATCH = YES;
				COPY_PHASE_STRIP = NO;
				DEBUG_INFORMATION_FORMAT = "dwarf-with-dsym";
				ENABLE_NS_ASSERTIONS = NO;
				ENABLE_STRICT_OBJC_MSGSEND = YES;
				GCC_C_LANGUAGE_STANDARD = gnu99;
				GCC_NO_COMMON_BLOCKS = YES;
				GCC_WARN_64_TO_32_BIT_CONVERSION = YES;
				GCC_WARN_ABOUT_RETURN_TYPE = YES_ERROR;
				GCC_WARN_UNDECLARED_SELECTOR = YES;
				GCC_WARN_UNINITIALIZED_AUTOS = YES_AGGRESSIVE;
				GCC_WARN_UNUSED_FUNCTION = YES;
				GCC_WARN_UNUSED_VARIABLE = YES;
				MACOSX_DEPLOYMENT_TARGET = 10.10;
				MTL_ENABLE_DEBUG_INFO = NO;
				SDKROOT = macosx;
			};
			name = Release;
		};
		3CA620651C06A14100A7E393 /* Debug */ = {
			isa = XCBuildConfiguration;
			buildSettings = {
				PRODUCT_NAME = "$(TARGET_NAME)";
			};
			name = Debug;
		};
		3CA620661C06A14100A7E393 /* Release */ = {
			isa = XCBuildConfiguration;
			buildSettings = {
				PRODUCT_NAME = "$(TARGET_NAME)";
			};
			name = Release;
		};
		3CA620711C06B22F00A7E393 /* Debug */ = {
			isa = XCBuildConfiguration;
			buildSettings = {
				GCC_PREPROCESSOR_DEFINITIONS = (
					"DEBUG=1",
					"$(inherited)",
				);
				PRODUCT_NAME = "$(TARGET_NAME)";
			};
			name = Debug;
		};
		3CA620721C06B22F00A7E393 /* Release */ = {
			isa = XCBuildConfiguration;
			buildSettings = {
				PRODUCT_NAME = "$(TARGET_NAME)";
			};
			name = Release;
		};
/* End XCBuildConfiguration section */

/* Begin XCConfigurationList section */
		3CA620581C06A14100A7E393 /* Build configuration list for PBXProject "11.26返回指针的函数" */ = {
			isa = XCConfigurationList;
			buildConfigurations = (
				3CA620621C06A14100A7E393 /* Debug */,
				3CA620631C06A14100A7E393 /* Release */,
			);
			defaultConfigurationIsVisible = 0;
			defaultConfigurationName = Release;
		};
		3CA620641C06A14100A7E393 /* Build configuration list for PBXNativeTarget "11.26返回指针的函数" */ = {
			isa = XCConfigurationList;
			buildConfigurations = (
				3CA620651C06A14100A7E393 /* Debug */,
				3CA620661C06A14100A7E393 /* Release */,
			);
			defaultConfigurationIsVisible = 0;
		};
		3CA620701C06B22F00A7E393 /* Build configuration list for PBXNativeTarget "指针作为返回值的注意事项" */ = {
			isa = XCConfigurationList;
			buildConfigurations = (
				3CA620711C06B22F00A7E393 /* Debug */,
				3CA620721C06B22F00A7E393 /* Release */,
			);
			defaultConfigurationIsVisible = 0;
		};
/* End XCConfigurationList section */
	};
	rootObject = 3CA620551C06A14100A7E393 /* Project object */;
}
