// !$*UTF8*$!
{
	archiveVersion = 1;
	classes = {
	};
	objectVersion = 46;
	objects = {

/* Begin PBXBuildFile section */
		3C5560C71C15DD7800B30A99 /* main.m in Sources */ = {isa = PBXBuildFile; fileRef = 3C5560C61C15DD7800B30A99 /* main.m */; };
		3C5560CF1C15DE5B00B30A99 /* Person.m in Sources */ = {isa = PBXBuildFile; fileRef = 3C5560CE1C15DE5B00B30A99 /* Person.m */; };
/* End PBXBuildFile section */

/* Begin PBXCopyFilesBuildPhase section */
		3C5560C11C15DD7800B30A99 /* CopyFiles */ = {
			isa = PBXCopyFilesBuildPhase;
			buildActionMask = 2147483647;
			dstPath = /usr/share/man/man1/;
			dstSubfolderSpec = 0;
			files = (
			);
			runOnlyForDeploymentPostprocessing = 1;
		};
/* End PBXCopyFilesBuildPhase section */

/* Begin PBXFileReference section */
		3C5560C31C15DD7800B30A99 /* 12.07.02 arc的基本使用 */ = {isa = PBXFileReference; explicitFileType = "compiled.mach-o.executable"; includeInIndex = 0; path = "12.07.02 arc的基本使用"; sourceTree = BUILT_PRODUCTS_DIR; };
		3C5560C61C15DD7800B30A99 /* main.m */ = {isa = PBXFileReference; lastKnownFileType = sourcecode.c.objc; path = main.m; sourceTree = "<group>"; };
		3C5560CD1C15DE5B00B30A99 /* Person.h */ = {isa = PBXFileReference; fileEncoding = 4; lastKnownFileType = sourcecode.c.h; path = Person.h; sourceTree = "<group>"; };
		3C5560CE1C15DE5B00B30A99 /* Person.m */ = {isa = PBXFileReference; fileEncoding = 4; lastKnownFileType = sourcecode.c.objc; path = Person.m; sourceTree = "<group>"; };
/* End PBXFileReference section */

/* Begin PBXFrameworksBuildPhase section */
		3C5560C01C15DD7800B30A99 /* Frameworks */ = {
			isa = PBXFrameworksBuildPhase;
			buildActionMask = 2147483647;
			files = (
			);
			runOnlyForDeploymentPostprocessing = 0;
		};
/* End PBXFrameworksBuildPhase section */

/* Begin PBXGroup section */
		3C5560BA1C15DD7800B30A99 = {
			isa = PBXGroup;
			children = (
				3C5560C51C15DD7800B30A99 /* 12.07.02 arc的基本使用 */,
				3C5560C41C15DD7800B30A99 /* Products */,
			);
			sourceTree = "<group>";
		};
		3C5560C41C15DD7800B30A99 /* Products */ = {
			isa = PBXGroup;
			children = (
				3C5560C31C15DD7800B30A99 /* 12.07.02 arc的基本使用 */,
			);
			name = Products;
			sourceTree = "<group>";
		};
		3C5560C51C15DD7800B30A99 /* 12.07.02 arc的基本使用 */ = {
			isa = PBXGroup;
			children = (
				3C5560C61C15DD7800B30A99 /* main.m */,
				3C5560CD1C15DE5B00B30A99 /* Person.h */,
				3C5560CE1C15DE5B00B30A99 /* Person.m */,
			);
			path = "12.07.02 arc的基本使用";
			sourceTree = "<group>";
		};
/* End PBXGroup section */

/* Begin PBXNativeTarget section */
		3C5560C21C15DD7800B30A99 /* 12.07.02 arc的基本使用 */ = {
			isa = PBXNativeTarget;
			buildConfigurationList = 3C5560CA1C15DD7800B30A99 /* Build configuration list for PBXNativeTarget "12.07.02 arc的基本使用" */;
			buildPhases = (
				3C5560BF1C15DD7800B30A99 /* Sources */,
				3C5560C01C15DD7800B30A99 /* Frameworks */,
				3C5560C11C15DD7800B30A99 /* CopyFiles */,
			);
			buildRules = (
			);
			dependencies = (
			);
			name = "12.07.02 arc的基本使用";
			productName = "12.07.02 arc的基本使用";
			productReference = 3C5560C31C15DD7800B30A99 /* 12.07.02 arc的基本使用 */;
			productType = "com.apple.product-type.tool";
		};
/* End PBXNativeTarget section */

/* Begin PBXProject section */
		3C5560BB1C15DD7800B30A99 /* Project object */ = {
			isa = PBXProject;
			attributes = {
				LastUpgradeCheck = 0640;
				ORGANIZATIONNAME = rytong_zkz;
				TargetAttributes = {
					3C5560C21C15DD7800B30A99 = {
						CreatedOnToolsVersion = 6.4;
					};
				};
			};
			buildConfigurationList = 3C5560BE1C15DD7800B30A99 /* Build configuration list for PBXProject "12.07.02 arc的基本使用" */;
			compatibilityVersion = "Xcode 3.2";
			developmentRegion = English;
			hasScannedForEncodings = 0;
			knownRegions = (
				en,
			);
			mainGroup = 3C5560BA1C15DD7800B30A99;
			productRefGroup = 3C5560C41C15DD7800B30A99 /* Products */;
			projectDirPath = "";
			projectRoot = "";
			targets = (
				3C5560C21C15DD7800B30A99 /* 12.07.02 arc的基本使用 */,
			);
		};
/* End PBXProject section */

/* Begin PBXSourcesBuildPhase section */
		3C5560BF1C15DD7800B30A99 /* Sources */ = {
			isa = PBXSourcesBuildPhase;
			buildActionMask = 2147483647;
			files = (
				3C5560CF1C15DE5B00B30A99 /* Person.m in Sources */,
				3C5560C71C15DD7800B30A99 /* main.m in Sources */,
			);
			runOnlyForDeploymentPostprocessing = 0;
		};
/* End PBXSourcesBuildPhase section */

/* Begin XCBuildConfiguration section */
		3C5560C81C15DD7800B30A99 /* Debug */ = {
			isa = XCBuildConfiguration;
			buildSettings = {
				ALWAYS_SEARCH_USER_PATHS = NO;
				CLANG_CXX_LANGUAGE_STANDARD = "gnu++0x";
				CLANG_CXX_LIBRARY = "libc++";
				CLANG_ENABLE_MODULES = YES;
				CLANG_ENABLE_OBJC_ARC = YES;
				CLANG_WARN_BOOL_CONVERSION = YES;
				CLANG_WARN_CONSTANT_CONVERSION = YES;
				CLANG_WARN_DIRECT_OBJC_ISA_USAGE = YES_ERROR;
				CLANG_WARN_EMPTY_BODY = YES;
				CLANG_WARN_ENUM_CONVERSION = YES;
				CLANG_WARN_INT_CONVERSION = YES;
				CLANG_WARN_OBJC_ROOT_CLASS = YES_ERROR;
				CLANG_WARN_UNREACHABLE_CODE = YES;
				CLANG_WARN__DUPLICATE_METHOD_MATCH = YES;
				COPY_PHASE_STRIP = NO;
				DEBUG_INFORMATION_FORMAT = dwarf;
				ENABLE_STRICT_OBJC_MSGSEND = YES;
				GCC_C_LANGUAGE_STANDARD = gnu99;
				GCC_DYNAMIC_NO_PIC = NO;
				GCC_NO_COMMON_BLOCKS = YES;
				GCC_OPTIMIZATION_LEVEL = 0;
				GCC_PREPROCESSOR_DEFINITIONS = (
					"DEBUG=1",
					"$(inherited)",
				);
				GCC_SYMBOLS_PRIVATE_EXTERN = NO;
				GCC_WARN_64_TO_32_BIT_CONVERSION = YES;
				GCC_WARN_ABOUT_RETURN_TYPE = YES_ERROR;
				GCC_WARN_UNDECLARED_SELECTOR = YES;
				GCC_WARN_UNINITIALIZED_AUTOS = YES_AGGRESSIVE;
				GCC_WARN_UNUSED_FUNCTION = YES;
				GCC_WARN_UNUSED_VARIABLE = YES;
				MACOSX_DEPLOYMENT_TARGET = 10.10;
				MTL_ENABLE_DEBUG_INFO = YES;
				ONLY_ACTIVE_ARCH = YES;
				SDKROOT = macosx;
			};
			name = Debug;
		};
		3C5560C91C15DD7800B30A99 /* Release */ = {
			isa = XCBuildConfiguration;
			buildSettings = {
				ALWAYS_SEARCH_USER_PATHS = NO;
				CLANG_CXX_LANGUAGE_STANDARD = "gnu++0x";
				CLANG_CXX_LIBRARY = "libc++";
				CLANG_ENABLE_MODULES = YES;
				CLANG_ENABLE_OBJC_ARC = YES;
				CLANG_WARN_BOOL_CONVERSION = YES;
				CLANG_WARN_CONSTANT_CONVERSION = YES;
				CLANG_WARN_DIRECT_OBJC_ISA_USAGE = YES_ERROR;
				CLANG_WARN_EMPTY_BODY = YES;
				CLANG_WARN_ENUM_CONVERSION = YES;
				CLANG_WARN_INT_CONVERSION = YES;
				CLANG_WARN_OBJC_ROOT_CLASS = YES_ERROR;
				CLANG_WARN_UNREACHABLE_CODE = YES;
				CLANG_WARN__DUPLICATE_METHOD_MATCH = YES;
				COPY_PHASE_STRIP = NO;
				DEBUG_INFORMATION_FORMAT = "dwarf-with-dsym";
				ENABLE_NS_ASSERTIONS = NO;
				ENABLE_STRICT_OBJC_MSGSEND = YES;
				GCC_C_LANGUAGE_STANDARD = gnu99;
				GCC_NO_COMMON_BLOCKS = YES;
				GCC_WARN_64_TO_32_BIT_CONVERSION = YES;
				GCC_WARN_ABOUT_RETURN_TYPE = YES_ERROR;
				GCC_WARN_UNDECLARED_SELECTOR = YES;
				GCC_WARN_UNINITIALIZED_AUTOS = YES_AGGRESSIVE;
				GCC_WARN_UNUSED_FUNCTION = YES;
				GCC_WARN_UNUSED_VARIABLE = YES;
				MACOSX_DEPLOYMENT_TARGET = 10.10;
				MTL_ENABLE_DEBUG_INFO = NO;
				SDKROOT = macosx;
			};
			name = Release;
		};
		3C5560CB1C15DD7800B30A99 /* Debug */ = {
			isa = XCBuildConfiguration;
			buildSettings = {
				PRODUCT_NAME = "$(TARGET_NAME)";
			};
			name = Debug;
		};
		3C5560CC1C15DD7800B30A99 /* Release */ = {
			isa = XCBuildConfiguration;
			buildSettings = {
				PRODUCT_NAME = "$(TARGET_NAME)";
			};
			name = Release;
		};
/* End XCBuildConfiguration section */

/* Begin XCConfigurationList section */
		3C5560BE1C15DD7800B30A99 /* Build configuration list for PBXProject "12.07.02 arc的基本使用" */ = {
			isa = XCConfigurationList;
			buildConfigurations = (
				3C5560C81C15DD7800B30A99 /* Debug */,
				3C5560C91C15DD7800B30A99 /* Release */,
			);
			defaultConfigurationIsVisible = 0;
			defaultConfigurationName = Release;
		};
		3C5560CA1C15DD7800B30A99 /* Build configuration list for PBXNativeTarget "12.07.02 arc的基本使用" */ = {
			isa = XCConfigurationList;
			buildConfigurations = (
				3C5560CB1C15DD7800B30A99 /* Debug */,
				3C5560CC1C15DD7800B30A99 /* Release */,
			);
			defaultConfigurationIsVisible = 0;
		};
/* End XCConfigurationList section */
	};
	rootObject = 3C5560BB1C15DD7800B30A99 /* Project object */;
}
