// !$*UTF8*$!
{
	archiveVersion = 1;
	classes = {
	};
	objectVersion = 46;
	objects = {

/* Begin PBXBuildFile section */
		3CF8A8431C117295007A3590 /* main.m in Sources */ = {isa = PBXBuildFile; fileRef = 3CF8A8421C117295007A3590 /* main.m */; };
		3CF8A84C1C117CCF007A3590 /* Animal.m in Sources */ = {isa = PBXBuildFile; fileRef = 3CF8A84B1C117CCF007A3590 /* Animal.m */; };
		3CF8A84F1C117CE5007A3590 /* Dog.m in Sources */ = {isa = PBXBuildFile; fileRef = 3CF8A84E1C117CE5007A3590 /* Dog.m */; };
		3CF8A8521C117CF9007A3590 /* Cat.m in Sources */ = {isa = PBXBuildFile; fileRef = 3CF8A8511C117CF9007A3590 /* Cat.m */; };
		3CF8A8551C117D73007A3590 /* Person.m in Sources */ = {isa = PBXBuildFile; fileRef = 3CF8A8541C117D73007A3590 /* Person.m */; };
/* End PBXBuildFile section */

/* Begin PBXCopyFilesBuildPhase section */
		3CF8A83D1C117295007A3590 /* CopyFiles */ = {
			isa = PBXCopyFilesBuildPhase;
			buildActionMask = 2147483647;
			dstPath = /usr/share/man/man1/;
			dstSubfolderSpec = 0;
			files = (
			);
			runOnlyForDeploymentPostprocessing = 1;
		};
/* End PBXCopyFilesBuildPhase section */

/* Begin PBXFileReference section */
		3CF8A83F1C117295007A3590 /* 12.04.03类的多态 */ = {isa = PBXFileReference; explicitFileType = "compiled.mach-o.executable"; includeInIndex = 0; path = "12.04.03类的多态"; sourceTree = BUILT_PRODUCTS_DIR; };
		3CF8A8421C117295007A3590 /* main.m */ = {isa = PBXFileReference; lastKnownFileType = sourcecode.c.objc; path = main.m; sourceTree = "<group>"; };
		3CF8A84A1C117CCF007A3590 /* Animal.h */ = {isa = PBXFileReference; fileEncoding = 4; lastKnownFileType = sourcecode.c.h; path = Animal.h; sourceTree = "<group>"; };
		3CF8A84B1C117CCF007A3590 /* Animal.m */ = {isa = PBXFileReference; fileEncoding = 4; lastKnownFileType = sourcecode.c.objc; path = Animal.m; sourceTree = "<group>"; };
		3CF8A84D1C117CE5007A3590 /* Dog.h */ = {isa = PBXFileReference; fileEncoding = 4; lastKnownFileType = sourcecode.c.h; path = Dog.h; sourceTree = "<group>"; };
		3CF8A84E1C117CE5007A3590 /* Dog.m */ = {isa = PBXFileReference; fileEncoding = 4; lastKnownFileType = sourcecode.c.objc; path = Dog.m; sourceTree = "<group>"; };
		3CF8A8501C117CF9007A3590 /* Cat.h */ = {isa = PBXFileReference; fileEncoding = 4; lastKnownFileType = sourcecode.c.h; path = Cat.h; sourceTree = "<group>"; };
		3CF8A8511C117CF9007A3590 /* Cat.m */ = {isa = PBXFileReference; fileEncoding = 4; lastKnownFileType = sourcecode.c.objc; path = Cat.m; sourceTree = "<group>"; };
		3CF8A8531C117D73007A3590 /* Person.h */ = {isa = PBXFileReference; fileEncoding = 4; lastKnownFileType = sourcecode.c.h; path = Person.h; sourceTree = "<group>"; };
		3CF8A8541C117D73007A3590 /* Person.m */ = {isa = PBXFileReference; fileEncoding = 4; lastKnownFileType = sourcecode.c.objc; path = Person.m; sourceTree = "<group>"; };
/* End PBXFileReference section */

/* Begin PBXFrameworksBuildPhase section */
		3CF8A83C1C117295007A3590 /* Frameworks */ = {
			isa = PBXFrameworksBuildPhase;
			buildActionMask = 2147483647;
			files = (
			);
			runOnlyForDeploymentPostprocessing = 0;
		};
/* End PBXFrameworksBuildPhase section */

/* Begin PBXGroup section */
		3CF8A8361C117295007A3590 = {
			isa = PBXGroup;
			children = (
				3CF8A8411C117295007A3590 /* 12.04.03类的多态 */,
				3CF8A8401C117295007A3590 /* Products */,
			);
			sourceTree = "<group>";
		};
		3CF8A8401C117295007A3590 /* Products */ = {
			isa = PBXGroup;
			children = (
				3CF8A83F1C117295007A3590 /* 12.04.03类的多态 */,
			);
			name = Products;
			sourceTree = "<group>";
		};
		3CF8A8411C117295007A3590 /* 12.04.03类的多态 */ = {
			isa = PBXGroup;
			children = (
				3CF8A8421C117295007A3590 /* main.m */,
				3CF8A84A1C117CCF007A3590 /* Animal.h */,
				3CF8A84B1C117CCF007A3590 /* Animal.m */,
				3CF8A84D1C117CE5007A3590 /* Dog.h */,
				3CF8A84E1C117CE5007A3590 /* Dog.m */,
				3CF8A8501C117CF9007A3590 /* Cat.h */,
				3CF8A8511C117CF9007A3590 /* Cat.m */,
				3CF8A8531C117D73007A3590 /* Person.h */,
				3CF8A8541C117D73007A3590 /* Person.m */,
			);
			path = "12.04.03类的多态";
			sourceTree = "<group>";
		};
/* End PBXGroup section */

/* Begin PBXNativeTarget section */
		3CF8A83E1C117295007A3590 /* 12.04.03类的多态 */ = {
			isa = PBXNativeTarget;
			buildConfigurationList = 3CF8A8461C117295007A3590 /* Build configuration list for PBXNativeTarget "12.04.03类的多态" */;
			buildPhases = (
				3CF8A83B1C117295007A3590 /* Sources */,
				3CF8A83C1C117295007A3590 /* Frameworks */,
				3CF8A83D1C117295007A3590 /* CopyFiles */,
			);
			buildRules = (
			);
			dependencies = (
			);
			name = "12.04.03类的多态";
			productName = "12.04.03类的多态";
			productReference = 3CF8A83F1C117295007A3590 /* 12.04.03类的多态 */;
			productType = "com.apple.product-type.tool";
		};
/* End PBXNativeTarget section */

/* Begin PBXProject section */
		3CF8A8371C117295007A3590 /* Project object */ = {
			isa = PBXProject;
			attributes = {
				LastUpgradeCheck = 0640;
				ORGANIZATIONNAME = rytong_zkz;
				TargetAttributes = {
					3CF8A83E1C117295007A3590 = {
						CreatedOnToolsVersion = 6.4;
					};
				};
			};
			buildConfigurationList = 3CF8A83A1C117295007A3590 /* Build configuration list for PBXProject "12.04.03类的多态" */;
			compatibilityVersion = "Xcode 3.2";
			developmentRegion = English;
			hasScannedForEncodings = 0;
			knownRegions = (
				en,
			);
			mainGroup = 3CF8A8361C117295007A3590;
			productRefGroup = 3CF8A8401C117295007A3590 /* Products */;
			projectDirPath = "";
			projectRoot = "";
			targets = (
				3CF8A83E1C117295007A3590 /* 12.04.03类的多态 */,
			);
		};
/* End PBXProject section */

/* Begin PBXSourcesBuildPhase section */
		3CF8A83B1C117295007A3590 /* Sources */ = {
			isa = PBXSourcesBuildPhase;
			buildActionMask = 2147483647;
			files = (
				3CF8A8521C117CF9007A3590 /* Cat.m in Sources */,
				3CF8A84F1C117CE5007A3590 /* Dog.m in Sources */,
				3CF8A8551C117D73007A3590 /* Person.m in Sources */,
				3CF8A8431C117295007A3590 /* main.m in Sources */,
				3CF8A84C1C117CCF007A3590 /* Animal.m in Sources */,
			);
			runOnlyForDeploymentPostprocessing = 0;
		};
/* End PBXSourcesBuildPhase section */

/* Begin XCBuildConfiguration section */
		3CF8A8441C117295007A3590 /* Debug */ = {
			isa = XCBuildConfiguration;
			buildSettings = {
				ALWAYS_SEARCH_USER_PATHS = NO;
				CLANG_CXX_LANGUAGE_STANDARD = "gnu++0x";
				CLANG_CXX_LIBRARY = "libc++";
				CLANG_ENABLE_MODULES = YES;
				CLANG_ENABLE_OBJC_ARC = YES;
				CLANG_WARN_BOOL_CONVERSION = YES;
				CLANG_WARN_CONSTANT_CONVERSION = YES;
				CLANG_WARN_DIRECT_OBJC_ISA_USAGE = YES_ERROR;
				CLANG_WARN_EMPTY_BODY = YES;
				CLANG_WARN_ENUM_CONVERSION = YES;
				CLANG_WARN_INT_CONVERSION = YES;
				CLANG_WARN_OBJC_ROOT_CLASS = YES_ERROR;
				CLANG_WARN_UNREACHABLE_CODE = YES;
				CLANG_WARN__DUPLICATE_METHOD_MATCH = YES;
				COPY_PHASE_STRIP = NO;
				DEBUG_INFORMATION_FORMAT = dwarf;
				ENABLE_STRICT_OBJC_MSGSEND = YES;
				GCC_C_LANGUAGE_STANDARD = gnu99;
				GCC_DYNAMIC_NO_PIC = NO;
				GCC_NO_COMMON_BLOCKS = YES;
				GCC_OPTIMIZATION_LEVEL = 0;
				GCC_PREPROCESSOR_DEFINITIONS = (
					"DEBUG=1",
					"$(inherited)",
				);
				GCC_SYMBOLS_PRIVATE_EXTERN = NO;
				GCC_WARN_64_TO_32_BIT_CONVERSION = YES;
				GCC_WARN_ABOUT_RETURN_TYPE = YES_ERROR;
				GCC_WARN_UNDECLARED_SELECTOR = YES;
				GCC_WARN_UNINITIALIZED_AUTOS = YES_AGGRESSIVE;
				GCC_WARN_UNUSED_FUNCTION = YES;
				GCC_WARN_UNUSED_VARIABLE = YES;
				MACOSX_DEPLOYMENT_TARGET = 10.10;
				MTL_ENABLE_DEBUG_INFO = YES;
				ONLY_ACTIVE_ARCH = YES;
				SDKROOT = macosx;
			};
			name = Debug;
		};
		3CF8A8451C117295007A3590 /* Release */ = {
			isa = XCBuildConfiguration;
			buildSettings = {
				ALWAYS_SEARCH_USER_PATHS = NO;
				CLANG_CXX_LANGUAGE_STANDARD = "gnu++0x";
				CLANG_CXX_LIBRARY = "libc++";
				CLANG_ENABLE_MODULES = YES;
				CLANG_ENABLE_OBJC_ARC = YES;
				CLANG_WARN_BOOL_CONVERSION = YES;
				CLANG_WARN_CONSTANT_CONVERSION = YES;
				CLANG_WARN_DIRECT_OBJC_ISA_USAGE = YES_ERROR;
				CLANG_WARN_EMPTY_BODY = YES;
				CLANG_WARN_ENUM_CONVERSION = YES;
				CLANG_WARN_INT_CONVERSION = YES;
				CLANG_WARN_OBJC_ROOT_CLASS = YES_ERROR;
				CLANG_WARN_UNREACHABLE_CODE = YES;
				CLANG_WARN__DUPLICATE_METHOD_MATCH = YES;
				COPY_PHASE_STRIP = NO;
				DEBUG_INFORMATION_FORMAT = "dwarf-with-dsym";
				ENABLE_NS_ASSERTIONS = NO;
				ENABLE_STRICT_OBJC_MSGSEND = YES;
				GCC_C_LANGUAGE_STANDARD = gnu99;
				GCC_NO_COMMON_BLOCKS = YES;
				GCC_WARN_64_TO_32_BIT_CONVERSION = YES;
				GCC_WARN_ABOUT_RETURN_TYPE = YES_ERROR;
				GCC_WARN_UNDECLARED_SELECTOR = YES;
				GCC_WARN_UNINITIALIZED_AUTOS = YES_AGGRESSIVE;
				GCC_WARN_UNUSED_FUNCTION = YES;
				GCC_WARN_UNUSED_VARIABLE = YES;
				MACOSX_DEPLOYMENT_TARGET = 10.10;
				MTL_ENABLE_DEBUG_INFO = NO;
				SDKROOT = macosx;
			};
			name = Release;
		};
		3CF8A8471C117295007A3590 /* Debug */ = {
			isa = XCBuildConfiguration;
			buildSettings = {
				PRODUCT_NAME = "$(TARGET_NAME)";
			};
			name = Debug;
		};
		3CF8A8481C117295007A3590 /* Release */ = {
			isa = XCBuildConfiguration;
			buildSettings = {
				PRODUCT_NAME = "$(TARGET_NAME)";
			};
			name = Release;
		};
/* End XCBuildConfiguration section */

/* Begin XCConfigurationList section */
		3CF8A83A1C117295007A3590 /* Build configuration list for PBXProject "12.04.03类的多态" */ = {
			isa = XCConfigurationList;
			buildConfigurations = (
				3CF8A8441C117295007A3590 /* Debug */,
				3CF8A8451C117295007A3590 /* Release */,
			);
			defaultConfigurationIsVisible = 0;
			defaultConfigurationName = Release;
		};
		3CF8A8461C117295007A3590 /* Build configuration list for PBXNativeTarget "12.04.03类的多态" */ = {
			isa = XCConfigurationList;
			buildConfigurations = (
				3CF8A8471C117295007A3590 /* Debug */,
				3CF8A8481C117295007A3590 /* Release */,
			);
			defaultConfigurationIsVisible = 0;
		};
/* End XCConfigurationList section */
	};
	rootObject = 3CF8A8371C117295007A3590 /* Project object */;
}
