// !$*UTF8*$!
{
	archiveVersion = 1;
	classes = {
	};
	objectVersion = 46;
	objects = {

/* Begin PBXBuildFile section */
		3CB6393A1C0A81B000D1B6A7 /* main.c in Sources */ = {isa = PBXBuildFile; fileRef = 3CB639391C0A81B000D1B6A7 /* main.c */; };
		3CB639481C0A83CB00D1B6A7 /* main.c in Sources */ = {isa = PBXBuildFile; fileRef = 3CB639471C0A83CB00D1B6A7 /* main.c */; };
		3CB639531C0A8C0900D1B6A7 /* main.c in Sources */ = {isa = PBXBuildFile; fileRef = 3CB639521C0A8C0900D1B6A7 /* main.c */; };
		3CB6395F1C0A9F8800D1B6A7 /* main.c in Sources */ = {isa = PBXBuildFile; fileRef = 3CB6395E1C0A9F8800D1B6A7 /* main.c */; };
		3CB639651C0AA11200D1B6A7 /* gaolan.c in Sources */ = {isa = PBXBuildFile; fileRef = 3CB639641C0AA11200D1B6A7 /* gaolan.c */; };
/* End PBXBuildFile section */

/* Begin PBXCopyFilesBuildPhase section */
		3CB639341C0A81B000D1B6A7 /* CopyFiles */ = {
			isa = PBXCopyFilesBuildPhase;
			buildActionMask = 2147483647;
			dstPath = /usr/share/man/man1/;
			dstSubfolderSpec = 0;
			files = (
			);
			runOnlyForDeploymentPostprocessing = 1;
		};
		3CB639431C0A83CB00D1B6A7 /* CopyFiles */ = {
			isa = PBXCopyFilesBuildPhase;
			buildActionMask = 2147483647;
			dstPath = /usr/share/man/man1/;
			dstSubfolderSpec = 0;
			files = (
			);
			runOnlyForDeploymentPostprocessing = 1;
		};
		3CB6394E1C0A8C0900D1B6A7 /* CopyFiles */ = {
			isa = PBXCopyFilesBuildPhase;
			buildActionMask = 2147483647;
			dstPath = /usr/share/man/man1/;
			dstSubfolderSpec = 0;
			files = (
			);
			runOnlyForDeploymentPostprocessing = 1;
		};
		3CB6395A1C0A9F8800D1B6A7 /* CopyFiles */ = {
			isa = PBXCopyFilesBuildPhase;
			buildActionMask = 2147483647;
			dstPath = /usr/share/man/man1/;
			dstSubfolderSpec = 0;
			files = (
			);
			runOnlyForDeploymentPostprocessing = 1;
		};
/* End PBXCopyFilesBuildPhase section */

/* Begin PBXFileReference section */
		3CB639361C0A81B000D1B6A7 /* 11.29宏定义 */ = {isa = PBXFileReference; explicitFileType = "compiled.mach-o.executable"; includeInIndex = 0; path = "11.29宏定义"; sourceTree = BUILT_PRODUCTS_DIR; };
		3CB639391C0A81B000D1B6A7 /* main.c */ = {isa = PBXFileReference; lastKnownFileType = sourcecode.c.c; path = main.c; sourceTree = "<group>"; };
		3CB639451C0A83CB00D1B6A7 /* 带参数的宏定义 */ = {isa = PBXFileReference; explicitFileType = "compiled.mach-o.executable"; includeInIndex = 0; path = "带参数的宏定义"; sourceTree = BUILT_PRODUCTS_DIR; };
		3CB639471C0A83CB00D1B6A7 /* main.c */ = {isa = PBXFileReference; lastKnownFileType = sourcecode.c.c; path = main.c; sourceTree = "<group>"; };
		3CB639501C0A8C0900D1B6A7 /* 条件编译 */ = {isa = PBXFileReference; explicitFileType = "compiled.mach-o.executable"; includeInIndex = 0; path = "条件编译"; sourceTree = BUILT_PRODUCTS_DIR; };
		3CB639521C0A8C0900D1B6A7 /* main.c */ = {isa = PBXFileReference; lastKnownFileType = sourcecode.c.c; path = main.c; sourceTree = "<group>"; };
		3CB6395C1C0A9F8800D1B6A7 /* 文件包含 */ = {isa = PBXFileReference; explicitFileType = "compiled.mach-o.executable"; includeInIndex = 0; path = "文件包含"; sourceTree = BUILT_PRODUCTS_DIR; };
		3CB6395E1C0A9F8800D1B6A7 /* main.c */ = {isa = PBXFileReference; lastKnownFileType = sourcecode.c.c; path = main.c; sourceTree = "<group>"; };
		3CB639631C0A9FA400D1B6A7 /* gaolan.h */ = {isa = PBXFileReference; lastKnownFileType = sourcecode.c.h; path = gaolan.h; sourceTree = "<group>"; };
		3CB639641C0AA11200D1B6A7 /* gaolan.c */ = {isa = PBXFileReference; fileEncoding = 4; lastKnownFileType = sourcecode.c.c; path = gaolan.c; sourceTree = "<group>"; };
/* End PBXFileReference section */

/* Begin PBXFrameworksBuildPhase section */
		3CB639331C0A81B000D1B6A7 /* Frameworks */ = {
			isa = PBXFrameworksBuildPhase;
			buildActionMask = 2147483647;
			files = (
			);
			runOnlyForDeploymentPostprocessing = 0;
		};
		3CB639421C0A83CB00D1B6A7 /* Frameworks */ = {
			isa = PBXFrameworksBuildPhase;
			buildActionMask = 2147483647;
			files = (
			);
			runOnlyForDeploymentPostprocessing = 0;
		};
		3CB6394D1C0A8C0900D1B6A7 /* Frameworks */ = {
			isa = PBXFrameworksBuildPhase;
			buildActionMask = 2147483647;
			files = (
			);
			runOnlyForDeploymentPostprocessing = 0;
		};
		3CB639591C0A9F8800D1B6A7 /* Frameworks */ = {
			isa = PBXFrameworksBuildPhase;
			buildActionMask = 2147483647;
			files = (
			);
			runOnlyForDeploymentPostprocessing = 0;
		};
/* End PBXFrameworksBuildPhase section */

/* Begin PBXGroup section */
		3CB6392D1C0A81B000D1B6A7 = {
			isa = PBXGroup;
			children = (
				3CB639381C0A81B000D1B6A7 /* 11.29宏定义 */,
				3CB639461C0A83CB00D1B6A7 /* 带参数的宏定义 */,
				3CB639511C0A8C0900D1B6A7 /* 条件编译 */,
				3CB6395D1C0A9F8800D1B6A7 /* 文件包含 */,
				3CB639371C0A81B000D1B6A7 /* Products */,
			);
			sourceTree = "<group>";
		};
		3CB639371C0A81B000D1B6A7 /* Products */ = {
			isa = PBXGroup;
			children = (
				3CB639361C0A81B000D1B6A7 /* 11.29宏定义 */,
				3CB639451C0A83CB00D1B6A7 /* 带参数的宏定义 */,
				3CB639501C0A8C0900D1B6A7 /* 条件编译 */,
				3CB6395C1C0A9F8800D1B6A7 /* 文件包含 */,
			);
			name = Products;
			sourceTree = "<group>";
		};
		3CB639381C0A81B000D1B6A7 /* 11.29宏定义 */ = {
			isa = PBXGroup;
			children = (
				3CB639391C0A81B000D1B6A7 /* main.c */,
			);
			path = "11.29宏定义";
			sourceTree = "<group>";
		};
		3CB639461C0A83CB00D1B6A7 /* 带参数的宏定义 */ = {
			isa = PBXGroup;
			children = (
				3CB639471C0A83CB00D1B6A7 /* main.c */,
			);
			path = "带参数的宏定义";
			sourceTree = "<group>";
		};
		3CB639511C0A8C0900D1B6A7 /* 条件编译 */ = {
			isa = PBXGroup;
			children = (
				3CB639521C0A8C0900D1B6A7 /* main.c */,
			);
			path = "条件编译";
			sourceTree = "<group>";
		};
		3CB6395D1C0A9F8800D1B6A7 /* 文件包含 */ = {
			isa = PBXGroup;
			children = (
				3CB6395E1C0A9F8800D1B6A7 /* main.c */,
				3CB639631C0A9FA400D1B6A7 /* gaolan.h */,
				3CB639641C0AA11200D1B6A7 /* gaolan.c */,
			);
			path = "文件包含";
			sourceTree = "<group>";
		};
/* End PBXGroup section */

/* Begin PBXNativeTarget section */
		3CB639351C0A81B000D1B6A7 /* 11.29宏定义 */ = {
			isa = PBXNativeTarget;
			buildConfigurationList = 3CB6393D1C0A81B000D1B6A7 /* Build configuration list for PBXNativeTarget "11.29宏定义" */;
			buildPhases = (
				3CB639321C0A81B000D1B6A7 /* Sources */,
				3CB639331C0A81B000D1B6A7 /* Frameworks */,
				3CB639341C0A81B000D1B6A7 /* CopyFiles */,
			);
			buildRules = (
			);
			dependencies = (
			);
			name = "11.29宏定义";
			productName = "11.29宏定义";
			productReference = 3CB639361C0A81B000D1B6A7 /* 11.29宏定义 */;
			productType = "com.apple.product-type.tool";
		};
		3CB639441C0A83CB00D1B6A7 /* 带参数的宏定义 */ = {
			isa = PBXNativeTarget;
			buildConfigurationList = 3CB639491C0A83CB00D1B6A7 /* Build configuration list for PBXNativeTarget "带参数的宏定义" */;
			buildPhases = (
				3CB639411C0A83CB00D1B6A7 /* Sources */,
				3CB639421C0A83CB00D1B6A7 /* Frameworks */,
				3CB639431C0A83CB00D1B6A7 /* CopyFiles */,
			);
			buildRules = (
			);
			dependencies = (
			);
			name = "带参数的宏定义";
			productName = "带参数的宏定义";
			productReference = 3CB639451C0A83CB00D1B6A7 /* 带参数的宏定义 */;
			productType = "com.apple.product-type.tool";
		};
		3CB6394F1C0A8C0900D1B6A7 /* 条件编译 */ = {
			isa = PBXNativeTarget;
			buildConfigurationList = 3CB639541C0A8C0900D1B6A7 /* Build configuration list for PBXNativeTarget "条件编译" */;
			buildPhases = (
				3CB6394C1C0A8C0900D1B6A7 /* Sources */,
				3CB6394D1C0A8C0900D1B6A7 /* Frameworks */,
				3CB6394E1C0A8C0900D1B6A7 /* CopyFiles */,
			);
			buildRules = (
			);
			dependencies = (
			);
			name = "条件编译";
			productName = "条件编译";
			productReference = 3CB639501C0A8C0900D1B6A7 /* 条件编译 */;
			productType = "com.apple.product-type.tool";
		};
		3CB6395B1C0A9F8800D1B6A7 /* 文件包含 */ = {
			isa = PBXNativeTarget;
			buildConfigurationList = 3CB639601C0A9F8800D1B6A7 /* Build configuration list for PBXNativeTarget "文件包含" */;
			buildPhases = (
				3CB639581C0A9F8800D1B6A7 /* Sources */,
				3CB639591C0A9F8800D1B6A7 /* Frameworks */,
				3CB6395A1C0A9F8800D1B6A7 /* CopyFiles */,
			);
			buildRules = (
			);
			dependencies = (
			);
			name = "文件包含";
			productName = "文件包含";
			productReference = 3CB6395C1C0A9F8800D1B6A7 /* 文件包含 */;
			productType = "com.apple.product-type.tool";
		};
/* End PBXNativeTarget section */

/* Begin PBXProject section */
		3CB6392E1C0A81B000D1B6A7 /* Project object */ = {
			isa = PBXProject;
			attributes = {
				LastUpgradeCheck = 0640;
				ORGANIZATIONNAME = rytong_zkz;
				TargetAttributes = {
					3CB639351C0A81B000D1B6A7 = {
						CreatedOnToolsVersion = 6.4;
					};
					3CB639441C0A83CB00D1B6A7 = {
						CreatedOnToolsVersion = 6.4;
					};
					3CB6394F1C0A8C0900D1B6A7 = {
						CreatedOnToolsVersion = 6.4;
					};
					3CB6395B1C0A9F8800D1B6A7 = {
						CreatedOnToolsVersion = 6.4;
					};
				};
			};
			buildConfigurationList = 3CB639311C0A81B000D1B6A7 /* Build configuration list for PBXProject "11.29宏定义" */;
			compatibilityVersion = "Xcode 3.2";
			developmentRegion = English;
			hasScannedForEncodings = 0;
			knownRegions = (
				en,
			);
			mainGroup = 3CB6392D1C0A81B000D1B6A7;
			productRefGroup = 3CB639371C0A81B000D1B6A7 /* Products */;
			projectDirPath = "";
			projectRoot = "";
			targets = (
				3CB639351C0A81B000D1B6A7 /* 11.29宏定义 */,
				3CB639441C0A83CB00D1B6A7 /* 带参数的宏定义 */,
				3CB6394F1C0A8C0900D1B6A7 /* 条件编译 */,
				3CB6395B1C0A9F8800D1B6A7 /* 文件包含 */,
			);
		};
/* End PBXProject section */

/* Begin PBXSourcesBuildPhase section */
		3CB639321C0A81B000D1B6A7 /* Sources */ = {
			isa = PBXSourcesBuildPhase;
			buildActionMask = 2147483647;
			files = (
				3CB6393A1C0A81B000D1B6A7 /* main.c in Sources */,
			);
			runOnlyForDeploymentPostprocessing = 0;
		};
		3CB639411C0A83CB00D1B6A7 /* Sources */ = {
			isa = PBXSourcesBuildPhase;
			buildActionMask = 2147483647;
			files = (
				3CB639481C0A83CB00D1B6A7 /* main.c in Sources */,
			);
			runOnlyForDeploymentPostprocessing = 0;
		};
		3CB6394C1C0A8C0900D1B6A7 /* Sources */ = {
			isa = PBXSourcesBuildPhase;
			buildActionMask = 2147483647;
			files = (
				3CB639531C0A8C0900D1B6A7 /* main.c in Sources */,
			);
			runOnlyForDeploymentPostprocessing = 0;
		};
		3CB639581C0A9F8800D1B6A7 /* Sources */ = {
			isa = PBXSourcesBuildPhase;
			buildActionMask = 2147483647;
			files = (
				3CB6395F1C0A9F8800D1B6A7 /* main.c in Sources */,
				3CB639651C0AA11200D1B6A7 /* gaolan.c in Sources */,
			);
			runOnlyForDeploymentPostprocessing = 0;
		};
/* End PBXSourcesBuildPhase section */

/* Begin XCBuildConfiguration section */
		3CB6393B1C0A81B000D1B6A7 /* Debug */ = {
			isa = XCBuildConfiguration;
			buildSettings = {
				ALWAYS_SEARCH_USER_PATHS = NO;
				CLANG_CXX_LANGUAGE_STANDARD = "gnu++0x";
				CLANG_CXX_LIBRARY = "libc++";
				CLANG_ENABLE_MODULES = YES;
				CLANG_ENABLE_OBJC_ARC = YES;
				CLANG_WARN_BOOL_CONVERSION = YES;
				CLANG_WARN_CONSTANT_CONVERSION = YES;
				CLANG_WARN_DIRECT_OBJC_ISA_USAGE = YES_ERROR;
				CLANG_WARN_EMPTY_BODY = YES;
				CLANG_WARN_ENUM_CONVERSION = YES;
				CLANG_WARN_INT_CONVERSION = YES;
				CLANG_WARN_OBJC_ROOT_CLASS = YES_ERROR;
				CLANG_WARN_UNREACHABLE_CODE = YES;
				CLANG_WARN__DUPLICATE_METHOD_MATCH = YES;
				COPY_PHASE_STRIP = NO;
				DEBUG_INFORMATION_FORMAT = dwarf;
				ENABLE_STRICT_OBJC_MSGSEND = YES;
				GCC_C_LANGUAGE_STANDARD = gnu99;
				GCC_DYNAMIC_NO_PIC = NO;
				GCC_NO_COMMON_BLOCKS = YES;
				GCC_OPTIMIZATION_LEVEL = 0;
				GCC_PREPROCESSOR_DEFINITIONS = (
					"DEBUG=1",
					"$(inherited)",
				);
				GCC_SYMBOLS_PRIVATE_EXTERN = NO;
				GCC_WARN_64_TO_32_BIT_CONVERSION = YES;
				GCC_WARN_ABOUT_RETURN_TYPE = YES_ERROR;
				GCC_WARN_UNDECLARED_SELECTOR = YES;
				GCC_WARN_UNINITIALIZED_AUTOS = YES_AGGRESSIVE;
				GCC_WARN_UNUSED_FUNCTION = YES;
				GCC_WARN_UNUSED_VARIABLE = YES;
				MACOSX_DEPLOYMENT_TARGET = 10.10;
				MTL_ENABLE_DEBUG_INFO = YES;
				ONLY_ACTIVE_ARCH = YES;
				SDKROOT = macosx;
			};
			name = Debug;
		};
		3CB6393C1C0A81B000D1B6A7 /* Release */ = {
			isa = XCBuildConfiguration;
			buildSettings = {
				ALWAYS_SEARCH_USER_PATHS = NO;
				CLANG_CXX_LANGUAGE_STANDARD = "gnu++0x";
				CLANG_CXX_LIBRARY = "libc++";
				CLANG_ENABLE_MODULES = YES;
				CLANG_ENABLE_OBJC_ARC = YES;
				CLANG_WARN_BOOL_CONVERSION = YES;
				CLANG_WARN_CONSTANT_CONVERSION = YES;
				CLANG_WARN_DIRECT_OBJC_ISA_USAGE = YES_ERROR;
				CLANG_WARN_EMPTY_BODY = YES;
				CLANG_WARN_ENUM_CONVERSION = YES;
				CLANG_WARN_INT_CONVERSION = YES;
				CLANG_WARN_OBJC_ROOT_CLASS = YES_ERROR;
				CLANG_WARN_UNREACHABLE_CODE = YES;
				CLANG_WARN__DUPLICATE_METHOD_MATCH = YES;
				COPY_PHASE_STRIP = NO;
				DEBUG_INFORMATION_FORMAT = "dwarf-with-dsym";
				ENABLE_NS_ASSERTIONS = NO;
				ENABLE_STRICT_OBJC_MSGSEND = YES;
				GCC_C_LANGUAGE_STANDARD = gnu99;
				GCC_NO_COMMON_BLOCKS = YES;
				GCC_WARN_64_TO_32_BIT_CONVERSION = YES;
				GCC_WARN_ABOUT_RETURN_TYPE = YES_ERROR;
				GCC_WARN_UNDECLARED_SELECTOR = YES;
				GCC_WARN_UNINITIALIZED_AUTOS = YES_AGGRESSIVE;
				GCC_WARN_UNUSED_FUNCTION = YES;
				GCC_WARN_UNUSED_VARIABLE = YES;
				MACOSX_DEPLOYMENT_TARGET = 10.10;
				MTL_ENABLE_DEBUG_INFO = NO;
				SDKROOT = macosx;
			};
			name = Release;
		};
		3CB6393E1C0A81B000D1B6A7 /* Debug */ = {
			isa = XCBuildConfiguration;
			buildSettings = {
				PRODUCT_NAME = "$(TARGET_NAME)";
			};
			name = Debug;
		};
		3CB6393F1C0A81B000D1B6A7 /* Release */ = {
			isa = XCBuildConfiguration;
			buildSettings = {
				PRODUCT_NAME = "$(TARGET_NAME)";
			};
			name = Release;
		};
		3CB6394A1C0A83CB00D1B6A7 /* Debug */ = {
			isa = XCBuildConfiguration;
			buildSettings = {
				GCC_PREPROCESSOR_DEFINITIONS = (
					"DEBUG=1",
					"$(inherited)",
				);
				PRODUCT_NAME = "$(TARGET_NAME)";
			};
			name = Debug;
		};
		3CB6394B1C0A83CB00D1B6A7 /* Release */ = {
			isa = XCBuildConfiguration;
			buildSettings = {
				PRODUCT_NAME = "$(TARGET_NAME)";
			};
			name = Release;
		};
		3CB639551C0A8C0900D1B6A7 /* Debug */ = {
			isa = XCBuildConfiguration;
			buildSettings = {
				GCC_PREPROCESSOR_DEFINITIONS = (
					"DEBUG=1",
					"$(inherited)",
				);
				PRODUCT_NAME = "$(TARGET_NAME)";
			};
			name = Debug;
		};
		3CB639561C0A8C0900D1B6A7 /* Release */ = {
			isa = XCBuildConfiguration;
			buildSettings = {
				PRODUCT_NAME = "$(TARGET_NAME)";
			};
			name = Release;
		};
		3CB639611C0A9F8800D1B6A7 /* Debug */ = {
			isa = XCBuildConfiguration;
			buildSettings = {
				GCC_PREPROCESSOR_DEFINITIONS = (
					"DEBUG=1",
					"$(inherited)",
				);
				PRODUCT_NAME = "$(TARGET_NAME)";
			};
			name = Debug;
		};
		3CB639621C0A9F8800D1B6A7 /* Release */ = {
			isa = XCBuildConfiguration;
			buildSettings = {
				PRODUCT_NAME = "$(TARGET_NAME)";
			};
			name = Release;
		};
/* End XCBuildConfiguration section */

/* Begin XCConfigurationList section */
		3CB639311C0A81B000D1B6A7 /* Build configuration list for PBXProject "11.29宏定义" */ = {
			isa = XCConfigurationList;
			buildConfigurations = (
				3CB6393B1C0A81B000D1B6A7 /* Debug */,
				3CB6393C1C0A81B000D1B6A7 /* Release */,
			);
			defaultConfigurationIsVisible = 0;
			defaultConfigurationName = Release;
		};
		3CB6393D1C0A81B000D1B6A7 /* Build configuration list for PBXNativeTarget "11.29宏定义" */ = {
			isa = XCConfigurationList;
			buildConfigurations = (
				3CB6393E1C0A81B000D1B6A7 /* Debug */,
				3CB6393F1C0A81B000D1B6A7 /* Release */,
			);
			defaultConfigurationIsVisible = 0;
		};
		3CB639491C0A83CB00D1B6A7 /* Build configuration list for PBXNativeTarget "带参数的宏定义" */ = {
			isa = XCConfigurationList;
			buildConfigurations = (
				3CB6394A1C0A83CB00D1B6A7 /* Debug */,
				3CB6394B1C0A83CB00D1B6A7 /* Release */,
			);
			defaultConfigurationIsVisible = 0;
		};
		3CB639541C0A8C0900D1B6A7 /* Build configuration list for PBXNativeTarget "条件编译" */ = {
			isa = XCConfigurationList;
			buildConfigurations = (
				3CB639551C0A8C0900D1B6A7 /* Debug */,
				3CB639561C0A8C0900D1B6A7 /* Release */,
			);
			defaultConfigurationIsVisible = 0;
		};
		3CB639601C0A9F8800D1B6A7 /* Build configuration list for PBXNativeTarget "文件包含" */ = {
			isa = XCConfigurationList;
			buildConfigurations = (
				3CB639611C0A9F8800D1B6A7 /* Debug */,
				3CB639621C0A9F8800D1B6A7 /* Release */,
			);
			defaultConfigurationIsVisible = 0;
		};
/* End XCConfigurationList section */
	};
	rootObject = 3CB6392E1C0A81B000D1B6A7 /* Project object */;
}
